
Microsoft Visual Studio Solution File, Format Version 12.00
Project("{FAE04EC0-301F-11D3-BF4B-00C04F79EFBC}") = "TextBaseRpgUI", "TextBaseRpgUI\TextBaseRpgUI.csproj", "{B0CEC1F0-08E3-4DE6-B898-CCC2761919EF}"
EndProject
Project("{FAE04EC0-301F-11D3-BF4B-00C04F79EFBC}") = "Engine", "Engine\Engine.csproj", "{9346AE83-B399-46B2-9C2E-103160667A47}"
EndProject
Project("{FAE04EC0-301F-11D3-BF4B-00C04F79EFBC}") = "TestEngine", "TestEngine\TestEngine.csproj", "{08C7F12B-D59A-4359-A56D-C754CA02C55C}"
EndProject
Global
	GlobalSection(SolutionConfigurationPlatforms) = preSolution
		Debug|Any CPU = Debug|Any CPU
		Release|Any CPU = Release|Any CPU
	EndGlobalSection
	GlobalSection(ProjectConfigurationPlatforms) = postSolution
		{B0CEC1F0-08E3-4DE6-B898-CCC2761919EF}.Debug|Any CPU.ActiveCfg = Debug|Any CPU
		{B0CEC1F0-08E3-4DE6-B898-CCC2761919EF}.Debug|Any CPU.Build.0 = Debug|Any CPU
		{B0CEC1F0-08E3-4DE6-B898-CCC2761919EF}.Release|Any CPU.ActiveCfg = Release|Any CPU
		{B0CEC1F0-08E3-4DE6-B898-CCC2761919EF}.Release|Any CPU.Build.0 = Release|Any CPU
		{9346AE83-B399-46B2-9C2E-103160667A47}.Debug|Any CPU.ActiveCfg = Debug|Any CPU
		{9346AE83-B399-46B2-9C2E-103160667A47}.Debug|Any CPU.Build.0 = Debug|Any CPU
		{9346AE83-B399-46B2-9C2E-103160667A47}.Release|Any CPU.ActiveCfg = Release|Any CPU
		{9346AE83-B399-46B2-9C2E-103160667A47}.Release|Any CPU.Build.0 = Release|Any CPU
		{08C7F12B-D59A-4359-A56D-C754CA02C55C}.Debug|Any CPU.ActiveCfg = Debug|Any CPU
		{08C7F12B-D59A-4359-A56D-C754CA02C55C}.Debug|Any CPU.Build.0 = Debug|Any CPU
		{08C7F12B-D59A-4359-A56D-C754CA02C55C}.Release|Any CPU.ActiveCfg = Release|Any CPU
		{08C7F12B-D59A-4359-A56D-C754CA02C55C}.Release|Any CPU.Build.0 = Release|Any CPU
	EndGlobalSection
EndGlobal
